
Microsoft Visual Studio Solution File, Format Version 12.00
# Visual Studio Version 17
VisualStudioVersion = 17.8.34525.116
MinimumVisualStudioVersion = 10.0.40219.1
Project("{8BC9CEB8-8B4A-11D0-8D11-00A0C91BC942}") = "3D Graphics Engine", "3D Graphics Engine.vcxproj", "{BC43C8E2-C6DF-494E-8353-61FE79751D4A}"
EndProject
Global
	GlobalSection(SolutionConfigurationPlatforms) = preSolution
		Debug|x64 = Debug|x64
		Debug|x86 = Debug|x86
		Release|x64 = Release|x64
		Release|x86 = Release|x86
	EndGlobalSection
	GlobalSection(ProjectConfigurationPlatforms) = postSolution
		{BC43C8E2-C6DF-494E-8353-61FE79751D4A}.Debug|x64.ActiveCfg = Debug|x64
		{BC43C8E2-C6DF-494E-8353-61FE79751D4A}.Debug|x64.Build.0 = Debug|x64
		{BC43C8E2-C6DF-494E-8353-61FE79751D4A}.Debug|x86.ActiveCfg = Debug|Win32
		{BC43C8E2-C6DF-494E-8353-61FE79751D4A}.Debug|x86.Build.0 = Debug|Win32
		{BC43C8E2-C6DF-494E-8353-61FE79751D4A}.Release|x64.ActiveCfg = Release|x64
		{BC43C8E2-C6DF-494E-8353-61FE79751D4A}.Release|x64.Build.0 = Release|x64
		{BC43C8E2-C6DF-494E-8353-61FE79751D4A}.Release|x86.ActiveCfg = Release|Win32
		{BC43C8E2-C6DF-494E-8353-61FE79751D4A}.Release|x86.Build.0 = Release|Win32
	EndGlobalSection
	GlobalSection(SolutionProperties) = preSolution
		HideSolutionNode = FALSE
	EndGlobalSection
	GlobalSection(ExtensibilityGlobals) = postSolution
		SolutionGuid = {6FB57FF5-9ADD-4243-A032-83BED51D324F}
	EndGlobalSection
EndGlobal
